# This file is automatically @generated by Cargo.
# It is not intended for manual editing.
# It is checked in so clean bootstraps are reproducible.
version = 4

[[package]]
name = "machina-capability"
version = "0.1.0"
dependencies = [
 "machina-command-model",
]

[[package]]
name = "machina-command-bus"
version = "0.1.0"
dependencies = [
 "machina-capability",
 "machina-command-model",
]

[[package]]
name = "machina-command-model"
version = "0.1.0"

[[package]]
name = "machina-native-core"
version = "0.1.0"
dependencies = [
 "machina-capability",
 "machina-command-bus",
 "machina-command-model",
 "machina-session",
]

[[package]]
name = "machina-session"
version = "0.1.0"
dependencies = [
 "machina-command-bus",
]

[[package]]
name = "machina-telemetry"
version = "0.1.0"
dependencies = [
 "machina-command-model",
]
